// !$*UTF8*$!
{
	archiveVersion = 1;
	classes = {
	};
	objectVersion = 46;
	objects = {

/* Begin PBXBuildFile section */
		F303236A1D52665600E30D75 /* AppDelegate.swift in Sources */ = {isa = PBXBuildFile; fileRef = F30323691D52665600E30D75 /* AppDelegate.swift */; };
		F303236C1D52665600E30D75 /* ViewController.swift in Sources */ = {isa = PBXBuildFile; fileRef = F303236B1D52665600E30D75 /* ViewController.swift */; };
		F303236F1D52665600E30D75 /* Main.storyboard in Resources */ = {isa = PBXBuildFile; fileRef = F303236D1D52665600E30D75 /* Main.storyboard */; };
		F30323711D52665600E30D75 /* Assets.xcassets in Resources */ = {isa = PBXBuildFile; fileRef = F30323701D52665600E30D75 /* Assets.xcassets */; };
		F30323741D52665600E30D75 /* LaunchScreen.storyboard in Resources */ = {isa = PBXBuildFile; fileRef = F30323721D52665600E30D75 /* LaunchScreen.storyboard */; };
/* End PBXBuildFile section */

/* Begin PBXFileReference section */
		F30323661D52665600E30D75 /* Squawk.app */ = {isa = PBXFileReference; explicitFileType = wrapper.application; includeInIndex = 0; path = Squawk.app; sourceTree = BUILT_PRODUCTS_DIR; };
		F30323691D52665600E30D75 /* AppDelegate.swift */ = {isa = PBXFileReference; lastKnownFileType = sourcecode.swift; path = AppDelegate.swift; sourceTree = "<group>"; };
		F303236B1D52665600E30D75 /* ViewController.swift */ = {isa = PBXFileReference; lastKnownFileType = sourcecode.swift; path = ViewController.swift; sourceTree = "<group>"; };
		F303236E1D52665600E30D75 /* Base */ = {isa = PBXFileReference; lastKnownFileType = file.storyboard; name = Base; path = Base.lproj/Main.storyboard; sourceTree = "<group>"; };
		F30323701D52665600E30D75 /* Assets.xcassets */ = {isa = PBXFileReference; lastKnownFileType = folder.assetcatalog; path = Assets.xcassets; sourceTree = "<group>"; };
		F30323731D52665600E30D75 /* Base */ = {isa = PBXFileReference; lastKnownFileType = file.storyboard; name = Base; path = Base.lproj/LaunchScreen.storyboard; sourceTree = "<group>"; };
		F30323751D52665600E30D75 /* Info.plist */ = {isa = PBXFileReference; lastKnownFileType = text.plist.xml; path = Info.plist; sourceTree = "<group>"; };
/* End PBXFileReference section */

/* Begin PBXFrameworksBuildPhase section */
		F30323631D52665600E30D75 /* Frameworks */ = {
			isa = PBXFrameworksBuildPhase;
			buildActionMask = 2147483647;
			files = (
			);
			runOnlyForDeploymentPostprocessing = 0;
		};
/* End PBXFrameworksBuildPhase section */

/* Begin PBXGroup section */
		F303235D1D52665600E30D75 = {
			isa = PBXGroup;
			children = (
				F30323681D52665600E30D75 /* Squawk */,
				F30323671D52665600E30D75 /* Products */,
			);
			sourceTree = "<group>";
		};
		F30323671D52665600E30D75 /* Products */ = {
			isa = PBXGroup;
			children = (
				F30323661D52665600E30D75 /* Squawk.app */,
			);
			name = Products;
			sourceTree = "<group>";
		};
		F30323681D52665600E30D75 /* Squawk */ = {
			isa = PBXGroup;
			children = (
				F30323691D52665600E30D75 /* AppDelegate.swift */,
				F303236B1D52665600E30D75 /* ViewController.swift */,
				F303236D1D52665600E30D75 /* Main.storyboard */,
				F30323701D52665600E30D75 /* Assets.xcassets */,
				F30323721D52665600E30D75 /* LaunchScreen.storyboard */,
				F30323751D52665600E30D75 /* Info.plist */,
			);
			path = Squawk;
			sourceTree = "<group>";
		};
/* End PBXGroup section */

/* Begin PBXNativeTarget section */
		F30323651D52665600E30D75 /* Squawk */ = {
			isa = PBXNativeTarget;
			buildConfigurationList = F30323781D52665600E30D75 /* Build configuration list for PBXNativeTarget "Squawk" */;
			buildPhases = (
				F30323621D52665600E30D75 /* Sources */,
				F30323631D52665600E30D75 /* Frameworks */,
				F30323641D52665600E30D75 /* Resources */,
			);
			buildRules = (
			);
			dependencies = (
			);
			name = Squawk;
			productName = Squawk;
			productReference = F30323661D52665600E30D75 /* Squawk.app */;
			productType = "com.apple.product-type.application";
		};
/* End PBXNativeTarget section */

/* Begin PBXProject section */
		F303235E1D52665600E30D75 /* Project object */ = {
			isa = PBXProject;
			attributes = {
				LastSwiftUpdateCheck = 0730;
				LastUpgradeCheck = 0730;
				ORGANIZATIONNAME = "Abigail Chin";
				TargetAttributes = {
					F30323651D52665600E30D75 = {
						CreatedOnToolsVersion = 7.3.1;
					};
				};
			};
			buildConfigurationList = F30323611D52665600E30D75 /* Build configuration list for PBXProject "Squawk" */;
			compatibilityVersion = "Xcode 3.2";
			developmentRegion = English;
			hasScannedForEncodings = 0;
			knownRegions = (
				en,
				Base,
			);
			mainGroup = F303235D1D52665600E30D75;
			productRefGroup = F30323671D52665600E30D75 /* Products */;
			projectDirPath = "";
			projectRoot = "";
			targets = (
				F30323651D52665600E30D75 /* Squawk */,
			);
		};
/* End PBXProject section */

/* Begin PBXResourcesBuildPhase section */
		F30323641D52665600E30D75 /* Resources */ = {
			isa = PBXResourcesBuildPhase;
			buildActionMask = 2147483647;
			files = (
				F30323741D52665600E30D75 /* LaunchScreen.storyboard in Resources */,
				F30323711D52665600E30D75 /* Assets.xcassets in Resources */,
				F303236F1D52665600E30D75 /* Main.storyboard in Resources */,
			);
			runOnlyForDeploymentPostprocessing = 0;
		};
/* End PBXResourcesBuildPhase section */

/* Begin PBXSourcesBuildPhase section */
		F30323621D52665600E30D75 /* Sources */ = {
			isa = PBXSourcesBuildPhase;
			buildActionMask = 2147483647;
			files = (
				F303236C1D52665600E30D75 /* ViewController.swift in Sources */,
				F303236A1D52665600E30D75 /* AppDelegate.swift in Sources */,
			);
			runOnlyForDeploymentPostprocessing = 0;
		};
/* End PBXSourcesBuildPhase section */

/* Begin PBXVariantGroup section */
		F303236D1D52665600E30D75 /* Main.storyboard */ = {
			isa = PBXVariantGroup;
			children = (
				F303236E1D52665600E30D75 /* Base */,
			);
			name = Main.storyboard;
			sourceTree = "<group>";
		};
		F30323721D52665600E30D75 /* LaunchScreen.storyboard */ = {
			isa = PBXVariantGroup;
			children = (
				F30323731D52665600E30D75 /* Base */,
			);
			name = LaunchScreen.storyboard;
			sourceTree = "<group>";
		};
/* End PBXVariantGroup section */

/* Begin XCBuildConfiguration section */
		F30323761D52665600E30D75 /* Debug */ = {
			isa = XCBuildConfiguration;
			buildSettings = {
				ALWAYS_SEARCH_USER_PATHS = NO;
				CLANG_ANALYZER_NONNULL = YES;
				CLANG_CXX_LANGUAGE_STANDARD = "gnu++0x";
				CLANG_CXX_LIBRARY = "libc++";
				CLANG_ENABLE_MODULES = YES;
				CLANG_ENABLE_OBJC_ARC = YES;
				CLANG_WARN_BOOL_CONVERSION = YES;
				CLANG_WARN_CONSTANT_CONVERSION = YES;
				CLANG_WARN_DIRECT_OBJC_ISA_USAGE = YES_ERROR;
				CLANG_WARN_EMPTY_BODY = YES;
				CLANG_WARN_ENUM_CONVERSION = YES;
				CLANG_WARN_INT_CONVERSION = YES;
				CLANG_WARN_OBJC_ROOT_CLASS = YES_ERROR;
				CLANG_WARN_UNREACHABLE_CODE = YES;
				CLANG_WARN__DUPLICATE_METHOD_MATCH = YES;
				"CODE_SIGN_IDENTITY[sdk=iphoneos*]" = "iPhone Developer";
				COPY_PHASE_STRIP = NO;
				DEBUG_INFORMATION_FORMAT = dwarf;
				ENABLE_STRICT_OBJC_MSGSEND = YES;
				ENABLE_TESTABILITY = YES;
				GCC_C_LANGUAGE_STANDARD = gnu99;
				GCC_DYNAMIC_NO_PIC = NO;
				GCC_NO_COMMON_BLOCKS = YES;
				GCC_OPTIMIZATION_LEVEL = 0;
				GCC_PREPROCESSOR_DEFINITIONS = (
					"DEBUG=1",
					"$(inherited)",
				);
				GCC_WARN_64_TO_32_BIT_CONVERSION = YES;
				GCC_WARN_ABOUT_RETURN_TYPE = YES_ERROR;
				GCC_WARN_UNDECLARED_SELECTOR = YES;
				GCC_WARN_UNINITIALIZED_AUTOS = YES_AGGRESSIVE;
				GCC_WARN_UNUSED_FUNCTION = YES;
				GCC_WARN_UNUSED_VARIABLE = YES;
				IPHONEOS_DEPLOYMENT_TARGET = 9.3;
				MTL_ENABLE_DEBUG_INFO = YES;
				ONLY_ACTIVE_ARCH = YES;
				SDKROOT = iphoneos;
				SWIFT_OPTIMIZATION_LEVEL = "-Onone";
			};
			name = Debug;
		};
		F30323771D52665600E30D75 /* Release */ = {
			isa = XCBuildConfiguration;
			buildSettings = {
				ALWAYS_SEARCH_USER_PATHS = NO;
				CLANG_ANALYZER_NONNULL = YES;
				CLANG_CXX_LANGUAGE_STANDARD = "gnu++0x";
				CLANG_CXX_LIBRARY = "libc++";
				CLANG_ENABLE_MODULES = YES;
				CLANG_ENABLE_OBJC_ARC = YES;
				CLANG_WARN_BOOL_CONVERSION = YES;
				CLANG_WARN_CONSTANT_CONVERSION = YES;
				CLANG_WARN_DIRECT_OBJC_ISA_USAGE = YES_ERROR;
				CLANG_WARN_EMPTY_BODY = YES;
				CLANG_WARN_ENUM_CONVERSION = YES;
				CLANG_WARN_INT_CONVERSION = YES;
				CLANG_WARN_OBJC_ROOT_CLASS = YES_ERROR;
				CLANG_WARN_UNREACHABLE_CODE = YES;
				CLANG_WARN__DUPLICATE_METHOD_MATCH = YES;
				"CODE_SIGN_IDENTITY[sdk=iphoneos*]" = "iPhone Developer";
				COPY_PHASE_STRIP = NO;
				DEBUG_INFORMATION_FORMAT = "dwarf-with-dsym";
				ENABLE_NS_ASSERTIONS = NO;
				ENABLE_STRICT_OBJC_MSGSEND = YES;
				GCC_C_LANGUAGE_STANDARD = gnu99;
				GCC_NO_COMMON_BLOCKS = YES;
				GCC_WARN_64_TO_32_BIT_CONVERSION = YES;
				GCC_WARN_ABOUT_RETURN_TYPE = YES_ERROR;
				GCC_WARN_UNDECLARED_SELECTOR = YES;
				GCC_WARN_UNINITIALIZED_AUTOS = YES_AGGRESSIVE;
				GCC_WARN_UNUSED_FUNCTION = YES;
				GCC_WARN_UNUSED_VARIABLE = YES;
				IPHONEOS_DEPLOYMENT_TARGET = 9.3;
				MTL_ENABLE_DEBUG_INFO = NO;
				SDKROOT = iphoneos;
				VALIDATE_PRODUCT = YES;
			};
			name = Release;
		};
		F30323791D52665600E30D75 /* Debug */ = {
			isa = XCBuildConfiguration;
			buildSettings = {
				ASSETCATALOG_COMPILER_APPICON_NAME = AppIcon;
				INFOPLIST_FILE = Squawk/Info.plist;
				LD_RUNPATH_SEARCH_PATHS = "$(inherited) @executable_path/Frameworks";
				PRODUCT_BUNDLE_IDENTIFIER = com.makeschool.Squawk;
				PRODUCT_NAME = "$(TARGET_NAME)";
			};
			name = Debug;
		};
		F303237A1D52665600E30D75 /* Release */ = {
			isa = XCBuildConfiguration;
			buildSettings = {
				ASSETCATALOG_COMPILER_APPICON_NAME = AppIcon;
				INFOPLIST_FILE = Squawk/Info.plist;
				LD_RUNPATH_SEARCH_PATHS = "$(inherited) @executable_path/Frameworks";
				PRODUCT_BUNDLE_IDENTIFIER = com.makeschool.Squawk;
				PRODUCT_NAME = "$(TARGET_NAME)";
			};
			name = Release;
		};
/* End XCBuildConfiguration section */

/* Begin XCConfigurationList section */
		F30323611D52665600E30D75 /* Build configuration list for PBXProject "Squawk" */ = {
			isa = XCConfigurationList;
			buildConfigurations = (
				F30323761D52665600E30D75 /* Debug */,
				F30323771D52665600E30D75 /* Release */,
			);
			defaultConfigurationIsVisible = 0;
			defaultConfigurationName = Release;
		};
		F30323781D52665600E30D75 /* Build configuration list for PBXNativeTarget "Squawk" */ = {
			isa = XCConfigurationList;
			buildConfigurations = (
				F30323791D52665600E30D75 /* Debug */,
				F303237A1D52665600E30D75 /* Release */,
			);
			defaultConfigurationIsVisible = 0;
		};
/* End XCConfigurationList section */
	};
	rootObject = F303235E1D52665600E30D75 /* Project object */;
}
